
Microsoft Visual Studio Solution File, Format Version 12.00
# Visual Studio Version 16
VisualStudioVersion = 16.0.30711.63
MinimumVisualStudioVersion = 10.0.40219.1
Project("{FAE04EC0-301F-11D3-BF4B-00C04F79EFBC}") = "GeometryCalculator", "GeometryCalculator.csproj", "{F84B625B-F4E6-43D4-B452-05F2BEECF9F2}"
EndProject
Global
	GlobalSection(SolutionConfigurationPlatforms) = preSolution
		Debug|Any CPU = Debug|Any CPU
		Release|Any CPU = Release|Any CPU
	EndGlobalSection
	GlobalSection(ProjectConfigurationPlatforms) = postSolution
		{F84B625B-F4E6-43D4-B452-05F2BEECF9F2}.Debug|Any CPU.ActiveCfg = Debug|Any CPU
		{F84B625B-F4E6-43D4-B452-05F2BEECF9F2}.Debug|Any CPU.Build.0 = Debug|Any CPU
		{F84B625B-F4E6-43D4-B452-05F2BEECF9F2}.Release|Any CPU.ActiveCfg = Release|Any CPU
		{F84B625B-F4E6-43D4-B452-05F2BEECF9F2}.Release|Any CPU.Build.0 = Release|Any CPU
	EndGlobalSection
	GlobalSection(SolutionProperties) = preSolution
		HideSolutionNode = FALSE
	EndGlobalSection
	GlobalSection(ExtensibilityGlobals) = postSolution
		SolutionGuid = {EB524C0E-DD9E-4067-95DB-6CC0E3307CF4}
	EndGlobalSection
EndGlobal
